
Microsoft Visual Studio Solution File, Format Version 12.00
# Visual Studio Version 16
VisualStudioVersion = 16.0.31105.61
MinimumVisualStudioVersion = 10.0.40219.1
Project("{FAE04EC0-301F-11D3-BF4B-00C04F79EFBC}") = "UserMaintenance", "UserMaintenance\UserMaintenance.csproj", "{DC45401B-9FB7-4630-8120-4524B6E9E6EA}"
EndProject
Global
	GlobalSection(SolutionConfigurationPlatforms) = preSolution
		Debug|Any CPU = Debug|Any CPU
		Release|Any CPU = Release|Any CPU
	EndGlobalSection
	GlobalSection(ProjectConfigurationPlatforms) = postSolution
		{DC45401B-9FB7-4630-8120-4524B6E9E6EA}.Debug|Any CPU.ActiveCfg = Debug|Any CPU
		{DC45401B-9FB7-4630-8120-4524B6E9E6EA}.Debug|Any CPU.Build.0 = Debug|Any CPU
		{DC45401B-9FB7-4630-8120-4524B6E9E6EA}.Release|Any CPU.ActiveCfg = Release|Any CPU
		{DC45401B-9FB7-4630-8120-4524B6E9E6EA}.Release|Any CPU.Build.0 = Release|Any CPU
	EndGlobalSection
	GlobalSection(SolutionProperties) = preSolution
		HideSolutionNode = FALSE
	EndGlobalSection
	GlobalSection(ExtensibilityGlobals) = postSolution
		SolutionGuid = {3195E764-01DC-4591-BE10-F9F22628590C}
	EndGlobalSection
EndGlobal
