
Microsoft Visual Studio Solution File, Format Version 12.00
# Visual Studio Version 16
VisualStudioVersion = 16.0.31105.61
MinimumVisualStudioVersion = 10.0.40219.1
Project("{FAE04EC0-301F-11D3-BF4B-00C04F79EFBC}") = "Gyak7_ZEACDR", "Gyak7_ZEACDR\Gyak7_ZEACDR.csproj", "{9799161A-BAB3-46D5-B63F-5B428396E023}"
EndProject
Global
	GlobalSection(SolutionConfigurationPlatforms) = preSolution
		Debug|Any CPU = Debug|Any CPU
		Release|Any CPU = Release|Any CPU
	EndGlobalSection
	GlobalSection(ProjectConfigurationPlatforms) = postSolution
		{9799161A-BAB3-46D5-B63F-5B428396E023}.Debug|Any CPU.ActiveCfg = Debug|Any CPU
		{9799161A-BAB3-46D5-B63F-5B428396E023}.Debug|Any CPU.Build.0 = Debug|Any CPU
		{9799161A-BAB3-46D5-B63F-5B428396E023}.Release|Any CPU.ActiveCfg = Release|Any CPU
		{9799161A-BAB3-46D5-B63F-5B428396E023}.Release|Any CPU.Build.0 = Release|Any CPU
	EndGlobalSection
	GlobalSection(SolutionProperties) = preSolution
		HideSolutionNode = FALSE
	EndGlobalSection
	GlobalSection(ExtensibilityGlobals) = postSolution
		SolutionGuid = {D4DA65D6-339C-42F4-8117-80E0F7A7562B}
	EndGlobalSection
EndGlobal
