
Microsoft Visual Studio Solution File, Format Version 12.00
# Visual Studio Version 16
VisualStudioVersion = 16.0.31105.61
MinimumVisualStudioVersion = 10.0.40219.1
Project("{FAE04EC0-301F-11D3-BF4B-00C04F79EFBC}") = "Gyak9_ZEACDR", "Gyak9_ZEACDR\Gyak9_ZEACDR.csproj", "{BE0D8AF6-10A1-44E3-9322-FCA00B0FCCC1}"
EndProject
Project("{FAE04EC0-301F-11D3-BF4B-00C04F79EFBC}") = "UnitTestExample.Test", "UnitTestExample.Test\UnitTestExample.Test.csproj", "{2CDDB098-2C7F-4FE7-B4DC-E449CF6A3297}"
EndProject
Global
	GlobalSection(SolutionConfigurationPlatforms) = preSolution
		Debug|Any CPU = Debug|Any CPU
		Release|Any CPU = Release|Any CPU
	EndGlobalSection
	GlobalSection(ProjectConfigurationPlatforms) = postSolution
		{BE0D8AF6-10A1-44E3-9322-FCA00B0FCCC1}.Debug|Any CPU.ActiveCfg = Debug|Any CPU
		{BE0D8AF6-10A1-44E3-9322-FCA00B0FCCC1}.Debug|Any CPU.Build.0 = Debug|Any CPU
		{BE0D8AF6-10A1-44E3-9322-FCA00B0FCCC1}.Release|Any CPU.ActiveCfg = Release|Any CPU
		{BE0D8AF6-10A1-44E3-9322-FCA00B0FCCC1}.Release|Any CPU.Build.0 = Release|Any CPU
		{2CDDB098-2C7F-4FE7-B4DC-E449CF6A3297}.Debug|Any CPU.ActiveCfg = Debug|Any CPU
		{2CDDB098-2C7F-4FE7-B4DC-E449CF6A3297}.Debug|Any CPU.Build.0 = Debug|Any CPU
		{2CDDB098-2C7F-4FE7-B4DC-E449CF6A3297}.Release|Any CPU.ActiveCfg = Release|Any CPU
		{2CDDB098-2C7F-4FE7-B4DC-E449CF6A3297}.Release|Any CPU.Build.0 = Release|Any CPU
	EndGlobalSection
	GlobalSection(SolutionProperties) = preSolution
		HideSolutionNode = FALSE
	EndGlobalSection
	GlobalSection(ExtensibilityGlobals) = postSolution
		SolutionGuid = {5BFF98C2-F3BD-4FFB-9E0B-7D59BD229C8F}
	EndGlobalSection
EndGlobal
